
Microsoft Visual Studio Solution File, Format Version 12.00
# Visual Studio Version 17
VisualStudioVersion = 17.8.34309.116
MinimumVisualStudioVersion = 10.0.40219.1
Project("{8BC9CEB8-8B4A-11D0-8D11-00A0C91BC942}") = "HttpServer", "HttpServer\HttpServer.vcxproj", "{C5129E5F-D5A5-4985-B07B-85F28B0B8D17}"
EndProject
Global
	GlobalSection(SolutionConfigurationPlatforms) = preSolution
		Debug|x64 = Debug|x64
		Debug|x86 = Debug|x86
		Release|x64 = Release|x64
		Release|x86 = Release|x86
	EndGlobalSection
	GlobalSection(ProjectConfigurationPlatforms) = postSolution
		{C5129E5F-D5A5-4985-B07B-85F28B0B8D17}.Debug|x64.ActiveCfg = Debug|x64
		{C5129E5F-D5A5-4985-B07B-85F28B0B8D17}.Debug|x64.Build.0 = Debug|x64
		{C5129E5F-D5A5-4985-B07B-85F28B0B8D17}.Debug|x86.ActiveCfg = Debug|Win32
		{C5129E5F-D5A5-4985-B07B-85F28B0B8D17}.Debug|x86.Build.0 = Debug|Win32
		{C5129E5F-D5A5-4985-B07B-85F28B0B8D17}.Release|x64.ActiveCfg = Release|x64
		{C5129E5F-D5A5-4985-B07B-85F28B0B8D17}.Release|x64.Build.0 = Release|x64
		{C5129E5F-D5A5-4985-B07B-85F28B0B8D17}.Release|x86.ActiveCfg = Release|Win32
		{C5129E5F-D5A5-4985-B07B-85F28B0B8D17}.Release|x86.Build.0 = Release|Win32
	EndGlobalSection
	GlobalSection(SolutionProperties) = preSolution
		HideSolutionNode = FALSE
	EndGlobalSection
	GlobalSection(ExtensibilityGlobals) = postSolution
		SolutionGuid = {6C6B1187-9FFD-4B5D-AEB5-DCB4876FABCF}
	EndGlobalSection
EndGlobal
